// !$*UTF8*$!
{
	archiveVersion = 1;
	classes = {
	};
	objectVersion = 50;
	objects = {

/* Begin PBXBuildFile section */
		CE19E65321D77F5400B9D77F /* SexControlling.swift in Sources */ = {isa = PBXBuildFile; fileRef = CE19E65221D77F5400B9D77F /* SexControlling.swift */; };
		CE19E65521D7845F00B9D77F /* SexController.swift in Sources */ = {isa = PBXBuildFile; fileRef = CE19E65421D7845F00B9D77F /* SexController.swift */; };
		CE19E65921D7881700B9D77F /* NameControlling.swift in Sources */ = {isa = PBXBuildFile; fileRef = CE19E65821D7881700B9D77F /* NameControlling.swift */; };
		CE19E65B21D7889200B9D77F /* NameController.swift in Sources */ = {isa = PBXBuildFile; fileRef = CE19E65A21D7889200B9D77F /* NameController.swift */; };
		CE19E65D21D78AD800B9D77F /* NameView.swift in Sources */ = {isa = PBXBuildFile; fileRef = CE19E65C21D78AD800B9D77F /* NameView.swift */; };
		CE19E66121D78C4D00B9D77F /* BirthDateControlling.swift in Sources */ = {isa = PBXBuildFile; fileRef = CE19E66021D78C4D00B9D77F /* BirthDateControlling.swift */; };
		CE19E66321D78C6900B9D77F /* BirthDateController.swift in Sources */ = {isa = PBXBuildFile; fileRef = CE19E66221D78C6900B9D77F /* BirthDateController.swift */; };
		CE19E66821D791C900B9D77F /* AddressControlling.swift in Sources */ = {isa = PBXBuildFile; fileRef = CE19E66721D791C900B9D77F /* AddressControlling.swift */; };
		CE19E66A21D7920D00B9D77F /* AddressController.swift in Sources */ = {isa = PBXBuildFile; fileRef = CE19E66921D7920D00B9D77F /* AddressController.swift */; };
		CE19E66F21D794F500B9D77F /* SignUpControlling.swift in Sources */ = {isa = PBXBuildFile; fileRef = CE19E66E21D794F500B9D77F /* SignUpControlling.swift */; };
		CE42937C21D664E10071031A /* AppDelegate.swift in Sources */ = {isa = PBXBuildFile; fileRef = CE42937B21D664E10071031A /* AppDelegate.swift */; };
		CE42937E21D664E10071031A /* SignUpViewController.swift in Sources */ = {isa = PBXBuildFile; fileRef = CE42937D21D664E10071031A /* SignUpViewController.swift */; };
		CE42938121D664E10071031A /* Main.storyboard in Resources */ = {isa = PBXBuildFile; fileRef = CE42937F21D664E10071031A /* Main.storyboard */; };
		CE42938321D664E20071031A /* Assets.xcassets in Resources */ = {isa = PBXBuildFile; fileRef = CE42938221D664E20071031A /* Assets.xcassets */; };
		CE42938621D664E20071031A /* LaunchScreen.storyboard in Resources */ = {isa = PBXBuildFile; fileRef = CE42938421D664E20071031A /* LaunchScreen.storyboard */; };
		CE42939021D680C20071031A /* Name.storyboard in Resources */ = {isa = PBXBuildFile; fileRef = CE42938F21D680C20071031A /* Name.storyboard */; };
		CE42939321D681450071031A /* Sex.storyboard in Resources */ = {isa = PBXBuildFile; fileRef = CE42939221D681450071031A /* Sex.storyboard */; };
		CE42939621D683E80071031A /* BirthDate.storyboard in Resources */ = {isa = PBXBuildFile; fileRef = CE42939521D683E80071031A /* BirthDate.storyboard */; };
		CE42939921D686350071031A /* Address.storyboard in Resources */ = {isa = PBXBuildFile; fileRef = CE42939821D686350071031A /* Address.storyboard */; };
		CE42939B21D68BCB0071031A /* SexViewController.swift in Sources */ = {isa = PBXBuildFile; fileRef = CE42939A21D68BCB0071031A /* SexViewController.swift */; };
		CE4293A521D68CAB0071031A /* Sex.swift in Sources */ = {isa = PBXBuildFile; fileRef = CE4293A421D68CAB0071031A /* Sex.swift */; };
		CE4293A721D6909D0071031A /* SexView.swift in Sources */ = {isa = PBXBuildFile; fileRef = CE4293A621D6909D0071031A /* SexView.swift */; };
		CE4293AC21D691D00071031A /* NameViewController.swift in Sources */ = {isa = PBXBuildFile; fileRef = CE4293AB21D691D00071031A /* NameViewController.swift */; };
		CE4293AE21D693160071031A /* AddressViewController.swift in Sources */ = {isa = PBXBuildFile; fileRef = CE4293AD21D693160071031A /* AddressViewController.swift */; };
		CE4293B021D6932F0071031A /* AddressView.swift in Sources */ = {isa = PBXBuildFile; fileRef = CE4293AF21D6932F0071031A /* AddressView.swift */; };
		CE4293B221D6943C0071031A /* BirthDateView.swift in Sources */ = {isa = PBXBuildFile; fileRef = CE4293B121D6943C0071031A /* BirthDateView.swift */; };
		CE4293B421D694D10071031A /* BirthDateViewController.swift in Sources */ = {isa = PBXBuildFile; fileRef = CE4293B321D694D10071031A /* BirthDateViewController.swift */; };
		CE4293B621D696850071031A /* SignUpController.swift in Sources */ = {isa = PBXBuildFile; fileRef = CE4293B521D696850071031A /* SignUpController.swift */; };
		CE4293BA21D699140071031A /* SignUpView.swift in Sources */ = {isa = PBXBuildFile; fileRef = CE4293B921D699140071031A /* SignUpView.swift */; };
		CE4293BD21D699760071031A /* PersonalData.swift in Sources */ = {isa = PBXBuildFile; fileRef = CE4293BC21D699760071031A /* PersonalData.swift */; };
		CE4293BF21D699C80071031A /* Address.swift in Sources */ = {isa = PBXBuildFile; fileRef = CE4293BE21D699C80071031A /* Address.swift */; };
		CE4293C121D69D690071031A /* SignUp.storyboard in Resources */ = {isa = PBXBuildFile; fileRef = CE4293C021D69D690071031A /* SignUp.storyboard */; };
		CE4293C321D6A6020071031A /* ValidatingController.swift in Sources */ = {isa = PBXBuildFile; fileRef = CE4293C221D6A6020071031A /* ValidatingController.swift */; };
/* End PBXBuildFile section */

/* Begin PBXFileReference section */
		CE19E65221D77F5400B9D77F /* SexControlling.swift */ = {isa = PBXFileReference; lastKnownFileType = sourcecode.swift; path = SexControlling.swift; sourceTree = "<group>"; };
		CE19E65421D7845F00B9D77F /* SexController.swift */ = {isa = PBXFileReference; lastKnownFileType = sourcecode.swift; path = SexController.swift; sourceTree = "<group>"; };
		CE19E65821D7881700B9D77F /* NameControlling.swift */ = {isa = PBXFileReference; lastKnownFileType = sourcecode.swift; path = NameControlling.swift; sourceTree = "<group>"; };
		CE19E65A21D7889200B9D77F /* NameController.swift */ = {isa = PBXFileReference; lastKnownFileType = sourcecode.swift; path = NameController.swift; sourceTree = "<group>"; };
		CE19E65C21D78AD800B9D77F /* NameView.swift */ = {isa = PBXFileReference; lastKnownFileType = sourcecode.swift; path = NameView.swift; sourceTree = "<group>"; };
		CE19E66021D78C4D00B9D77F /* BirthDateControlling.swift */ = {isa = PBXFileReference; lastKnownFileType = sourcecode.swift; path = BirthDateControlling.swift; sourceTree = "<group>"; };
		CE19E66221D78C6900B9D77F /* BirthDateController.swift */ = {isa = PBXFileReference; lastKnownFileType = sourcecode.swift; path = BirthDateController.swift; sourceTree = "<group>"; };
		CE19E66721D791C900B9D77F /* AddressControlling.swift */ = {isa = PBXFileReference; lastKnownFileType = sourcecode.swift; path = AddressControlling.swift; sourceTree = "<group>"; };
		CE19E66921D7920D00B9D77F /* AddressController.swift */ = {isa = PBXFileReference; lastKnownFileType = sourcecode.swift; path = AddressController.swift; sourceTree = "<group>"; };
		CE19E66E21D794F500B9D77F /* SignUpControlling.swift */ = {isa = PBXFileReference; lastKnownFileType = sourcecode.swift; path = SignUpControlling.swift; sourceTree = "<group>"; };
		CE42937821D664E10071031A /* iOS-MVC-example.app */ = {isa = PBXFileReference; explicitFileType = wrapper.application; includeInIndex = 0; path = "iOS-MVC-example.app"; sourceTree = BUILT_PRODUCTS_DIR; };
		CE42937B21D664E10071031A /* AppDelegate.swift */ = {isa = PBXFileReference; lastKnownFileType = sourcecode.swift; path = AppDelegate.swift; sourceTree = "<group>"; };
		CE42937D21D664E10071031A /* SignUpViewController.swift */ = {isa = PBXFileReference; lastKnownFileType = sourcecode.swift; path = SignUpViewController.swift; sourceTree = "<group>"; };
		CE42938021D664E10071031A /* Base */ = {isa = PBXFileReference; lastKnownFileType = file.storyboard; name = Base; path = Base.lproj/Main.storyboard; sourceTree = "<group>"; };
		CE42938221D664E20071031A /* Assets.xcassets */ = {isa = PBXFileReference; lastKnownFileType = folder.assetcatalog; path = Assets.xcassets; sourceTree = "<group>"; };
		CE42938521D664E20071031A /* Base */ = {isa = PBXFileReference; lastKnownFileType = file.storyboard; name = Base; path = Base.lproj/LaunchScreen.storyboard; sourceTree = "<group>"; };
		CE42938721D664E20071031A /* Info.plist */ = {isa = PBXFileReference; lastKnownFileType = text.plist.xml; path = Info.plist; sourceTree = "<group>"; };
		CE42938F21D680C20071031A /* Name.storyboard */ = {isa = PBXFileReference; lastKnownFileType = file.storyboard; path = Name.storyboard; sourceTree = "<group>"; };
		CE42939221D681450071031A /* Sex.storyboard */ = {isa = PBXFileReference; lastKnownFileType = file.storyboard; path = Sex.storyboard; sourceTree = "<group>"; };
		CE42939521D683E80071031A /* BirthDate.storyboard */ = {isa = PBXFileReference; lastKnownFileType = file.storyboard; path = BirthDate.storyboard; sourceTree = "<group>"; };
		CE42939821D686350071031A /* Address.storyboard */ = {isa = PBXFileReference; lastKnownFileType = file.storyboard; path = Address.storyboard; sourceTree = "<group>"; };
		CE42939A21D68BCB0071031A /* SexViewController.swift */ = {isa = PBXFileReference; lastKnownFileType = sourcecode.swift; path = SexViewController.swift; sourceTree = "<group>"; };
		CE4293A421D68CAB0071031A /* Sex.swift */ = {isa = PBXFileReference; lastKnownFileType = sourcecode.swift; path = Sex.swift; sourceTree = "<group>"; };
		CE4293A621D6909D0071031A /* SexView.swift */ = {isa = PBXFileReference; lastKnownFileType = sourcecode.swift; path = SexView.swift; sourceTree = "<group>"; };
		CE4293AB21D691D00071031A /* NameViewController.swift */ = {isa = PBXFileReference; lastKnownFileType = sourcecode.swift; path = NameViewController.swift; sourceTree = "<group>"; };
		CE4293AD21D693160071031A /* AddressViewController.swift */ = {isa = PBXFileReference; lastKnownFileType = sourcecode.swift; path = AddressViewController.swift; sourceTree = "<group>"; };
		CE4293AF21D6932F0071031A /* AddressView.swift */ = {isa = PBXFileReference; lastKnownFileType = sourcecode.swift; path = AddressView.swift; sourceTree = "<group>"; };
		CE4293B121D6943C0071031A /* BirthDateView.swift */ = {isa = PBXFileReference; lastKnownFileType = sourcecode.swift; path = BirthDateView.swift; sourceTree = "<group>"; };
		CE4293B321D694D10071031A /* BirthDateViewController.swift */ = {isa = PBXFileReference; lastKnownFileType = sourcecode.swift; path = BirthDateViewController.swift; sourceTree = "<group>"; };
		CE4293B521D696850071031A /* SignUpController.swift */ = {isa = PBXFileReference; lastKnownFileType = sourcecode.swift; path = SignUpController.swift; sourceTree = "<group>"; };
		CE4293B921D699140071031A /* SignUpView.swift */ = {isa = PBXFileReference; lastKnownFileType = sourcecode.swift; path = SignUpView.swift; sourceTree = "<group>"; };
		CE4293BC21D699760071031A /* PersonalData.swift */ = {isa = PBXFileReference; lastKnownFileType = sourcecode.swift; path = PersonalData.swift; sourceTree = "<group>"; };
		CE4293BE21D699C80071031A /* Address.swift */ = {isa = PBXFileReference; lastKnownFileType = sourcecode.swift; path = Address.swift; sourceTree = "<group>"; };
		CE4293C021D69D690071031A /* SignUp.storyboard */ = {isa = PBXFileReference; lastKnownFileType = file.storyboard; path = SignUp.storyboard; sourceTree = "<group>"; };
		CE4293C221D6A6020071031A /* ValidatingController.swift */ = {isa = PBXFileReference; lastKnownFileType = sourcecode.swift; path = ValidatingController.swift; sourceTree = "<group>"; };
/* End PBXFileReference section */

/* Begin PBXFrameworksBuildPhase section */
		CE42937521D664E10071031A /* Frameworks */ = {
			isa = PBXFrameworksBuildPhase;
			buildActionMask = 2147483647;
			files = (
			);
			runOnlyForDeploymentPostprocessing = 0;
		};
/* End PBXFrameworksBuildPhase section */

/* Begin PBXGroup section */
		CE19E64E21D77F0800B9D77F /* Model */ = {
			isa = PBXGroup;
			children = (
				CE4293A421D68CAB0071031A /* Sex.swift */,
			);
			path = Model;
			sourceTree = "<group>";
		};
		CE19E64F21D77F1100B9D77F /* View */ = {
			isa = PBXGroup;
			children = (
				CE4293A621D6909D0071031A /* SexView.swift */,
				CE42939A21D68BCB0071031A /* SexViewController.swift */,
			);
			path = View;
			sourceTree = "<group>";
		};
		CE19E65021D77F1F00B9D77F /* Controller */ = {
			isa = PBXGroup;
			children = (
				CE19E65221D77F5400B9D77F /* SexControlling.swift */,
				CE19E65421D7845F00B9D77F /* SexController.swift */,
			);
			path = Controller;
			sourceTree = "<group>";
		};
		CE19E65621D787E900B9D77F /* View */ = {
			isa = PBXGroup;
			children = (
				CE19E65C21D78AD800B9D77F /* NameView.swift */,
				CE4293AB21D691D00071031A /* NameViewController.swift */,
			);
			path = View;
			sourceTree = "<group>";
		};
		CE19E65721D7880000B9D77F /* Controller */ = {
			isa = PBXGroup;
			children = (
				CE19E65A21D7889200B9D77F /* NameController.swift */,
				CE19E65821D7881700B9D77F /* NameControlling.swift */,
			);
			path = Controller;
			sourceTree = "<group>";
		};
		CE19E65E21D78C3500B9D77F /* View */ = {
			isa = PBXGroup;
			children = (
				CE4293B121D6943C0071031A /* BirthDateView.swift */,
				CE4293B321D694D10071031A /* BirthDateViewController.swift */,
			);
			path = View;
			sourceTree = "<group>";
		};
		CE19E65F21D78C4100B9D77F /* Controller */ = {
			isa = PBXGroup;
			children = (
				CE19E66021D78C4D00B9D77F /* BirthDateControlling.swift */,
				CE19E66221D78C6900B9D77F /* BirthDateController.swift */,
			);
			path = Controller;
			sourceTree = "<group>";
		};
		CE19E66421D7918100B9D77F /* Model */ = {
			isa = PBXGroup;
			children = (
				CE4293BE21D699C80071031A /* Address.swift */,
			);
			path = Model;
			sourceTree = "<group>";
		};
		CE19E66521D7918B00B9D77F /* View */ = {
			isa = PBXGroup;
			children = (
				CE4293AF21D6932F0071031A /* AddressView.swift */,
				CE4293AD21D693160071031A /* AddressViewController.swift */,
			);
			path = View;
			sourceTree = "<group>";
		};
		CE19E66621D791BD00B9D77F /* Controller */ = {
			isa = PBXGroup;
			children = (
				CE19E66721D791C900B9D77F /* AddressControlling.swift */,
				CE19E66921D7920D00B9D77F /* AddressController.swift */,
			);
			path = Controller;
			sourceTree = "<group>";
		};
		CE19E66B21D794C500B9D77F /* View */ = {
			isa = PBXGroup;
			children = (
				CE4293B921D699140071031A /* SignUpView.swift */,
				CE42937D21D664E10071031A /* SignUpViewController.swift */,
			);
			path = View;
			sourceTree = "<group>";
		};
		CE19E66C21D794D900B9D77F /* Model */ = {
			isa = PBXGroup;
			children = (
				CE4293BC21D699760071031A /* PersonalData.swift */,
			);
			path = Model;
			sourceTree = "<group>";
		};
		CE19E66D21D794E200B9D77F /* Controller */ = {
			isa = PBXGroup;
			children = (
				CE19E66E21D794F500B9D77F /* SignUpControlling.swift */,
				CE4293B521D696850071031A /* SignUpController.swift */,
			);
			path = Controller;
			sourceTree = "<group>";
		};
		CE42936F21D664E10071031A = {
			isa = PBXGroup;
			children = (
				CE42937A21D664E10071031A /* iOS-MVC-example */,
				CE42937921D664E10071031A /* Products */,
			);
			sourceTree = "<group>";
		};
		CE42937921D664E10071031A /* Products */ = {
			isa = PBXGroup;
			children = (
				CE42937821D664E10071031A /* iOS-MVC-example.app */,
			);
			name = Products;
			sourceTree = "<group>";
		};
		CE42937A21D664E10071031A /* iOS-MVC-example */ = {
			isa = PBXGroup;
			children = (
				CE4293B721D698FD0071031A /* Sign Up */,
				CE42937B21D664E10071031A /* AppDelegate.swift */,
				CE4293C221D6A6020071031A /* ValidatingController.swift */,
				CE42937F21D664E10071031A /* Main.storyboard */,
				CE42938221D664E20071031A /* Assets.xcassets */,
				CE42938421D664E20071031A /* LaunchScreen.storyboard */,
				CE42938721D664E20071031A /* Info.plist */,
			);
			path = "iOS-MVC-example";
			sourceTree = "<group>";
		};
		CE42938D21D680A40071031A /* Childs */ = {
			isa = PBXGroup;
			children = (
				CE42939121D6812F0071031A /* Sex */,
				CE42938E21D680AD0071031A /* Name */,
				CE42939421D683D80071031A /* Birth date */,
				CE42939721D686240071031A /* Address */,
			);
			path = Childs;
			sourceTree = "<group>";
		};
		CE42938E21D680AD0071031A /* Name */ = {
			isa = PBXGroup;
			children = (
				CE19E65621D787E900B9D77F /* View */,
				CE19E65721D7880000B9D77F /* Controller */,
				CE42938F21D680C20071031A /* Name.storyboard */,
			);
			path = Name;
			sourceTree = "<group>";
		};
		CE42939121D6812F0071031A /* Sex */ = {
			isa = PBXGroup;
			children = (
				CE19E64E21D77F0800B9D77F /* Model */,
				CE19E64F21D77F1100B9D77F /* View */,
				CE19E65021D77F1F00B9D77F /* Controller */,
				CE42939221D681450071031A /* Sex.storyboard */,
			);
			path = Sex;
			sourceTree = "<group>";
		};
		CE42939421D683D80071031A /* Birth date */ = {
			isa = PBXGroup;
			children = (
				CE19E65E21D78C3500B9D77F /* View */,
				CE19E65F21D78C4100B9D77F /* Controller */,
				CE42939521D683E80071031A /* BirthDate.storyboard */,
			);
			path = "Birth date";
			sourceTree = "<group>";
		};
		CE42939721D686240071031A /* Address */ = {
			isa = PBXGroup;
			children = (
				CE19E66421D7918100B9D77F /* Model */,
				CE19E66521D7918B00B9D77F /* View */,
				CE19E66621D791BD00B9D77F /* Controller */,
				CE42939821D686350071031A /* Address.storyboard */,
			);
			path = Address;
			sourceTree = "<group>";
		};
		CE4293B721D698FD0071031A /* Sign Up */ = {
			isa = PBXGroup;
			children = (
				CE19E66C21D794D900B9D77F /* Model */,
				CE19E66B21D794C500B9D77F /* View */,
				CE19E66D21D794E200B9D77F /* Controller */,
				CE4293C021D69D690071031A /* SignUp.storyboard */,
				CE42938D21D680A40071031A /* Childs */,
			);
			path = "Sign Up";
			sourceTree = "<group>";
		};
/* End PBXGroup section */

/* Begin PBXNativeTarget section */
		CE42937721D664E10071031A /* iOS-MVC-example */ = {
			isa = PBXNativeTarget;
			buildConfigurationList = CE42938A21D664E20071031A /* Build configuration list for PBXNativeTarget "iOS-MVC-example" */;
			buildPhases = (
				CE42937421D664E10071031A /* Sources */,
				CE42937521D664E10071031A /* Frameworks */,
				CE42937621D664E10071031A /* Resources */,
			);
			buildRules = (
			);
			dependencies = (
			);
			name = "iOS-MVC-example";
			productName = "iOS-MVC-example";
			productReference = CE42937821D664E10071031A /* iOS-MVC-example.app */;
			productType = "com.apple.product-type.application";
		};
/* End PBXNativeTarget section */

/* Begin PBXProject section */
		CE42937021D664E10071031A /* Project object */ = {
			isa = PBXProject;
			attributes = {
				LastSwiftUpdateCheck = 1010;
				LastUpgradeCheck = 1010;
				ORGANIZATIONNAME = ADP;
				TargetAttributes = {
					CE42937721D664E10071031A = {
						CreatedOnToolsVersion = 10.1;
					};
				};
			};
			buildConfigurationList = CE42937321D664E10071031A /* Build configuration list for PBXProject "iOS-MVC-example" */;
			compatibilityVersion = "Xcode 9.3";
			developmentRegion = en;
			hasScannedForEncodings = 0;
			knownRegions = (
				en,
				Base,
			);
			mainGroup = CE42936F21D664E10071031A;
			productRefGroup = CE42937921D664E10071031A /* Products */;
			projectDirPath = "";
			projectRoot = "";
			targets = (
				CE42937721D664E10071031A /* iOS-MVC-example */,
			);
		};
/* End PBXProject section */

/* Begin PBXResourcesBuildPhase section */
		CE42937621D664E10071031A /* Resources */ = {
			isa = PBXResourcesBuildPhase;
			buildActionMask = 2147483647;
			files = (
				CE42939921D686350071031A /* Address.storyboard in Resources */,
				CE42938621D664E20071031A /* LaunchScreen.storyboard in Resources */,
				CE42938321D664E20071031A /* Assets.xcassets in Resources */,
				CE42939321D681450071031A /* Sex.storyboard in Resources */,
				CE42939021D680C20071031A /* Name.storyboard in Resources */,
				CE42939621D683E80071031A /* BirthDate.storyboard in Resources */,
				CE4293C121D69D690071031A /* SignUp.storyboard in Resources */,
				CE42938121D664E10071031A /* Main.storyboard in Resources */,
			);
			runOnlyForDeploymentPostprocessing = 0;
		};
/* End PBXResourcesBuildPhase section */

/* Begin PBXSourcesBuildPhase section */
		CE42937421D664E10071031A /* Sources */ = {
			isa = PBXSourcesBuildPhase;
			buildActionMask = 2147483647;
			files = (
				CE4293B221D6943C0071031A /* BirthDateView.swift in Sources */,
				CE4293A521D68CAB0071031A /* Sex.swift in Sources */,
				CE4293B421D694D10071031A /* BirthDateViewController.swift in Sources */,
				CE42939B21D68BCB0071031A /* SexViewController.swift in Sources */,
				CE19E65521D7845F00B9D77F /* SexController.swift in Sources */,
				CE4293AC21D691D00071031A /* NameViewController.swift in Sources */,
				CE19E65321D77F5400B9D77F /* SexControlling.swift in Sources */,
				CE4293BD21D699760071031A /* PersonalData.swift in Sources */,
				CE19E66121D78C4D00B9D77F /* BirthDateControlling.swift in Sources */,
				CE19E65B21D7889200B9D77F /* NameController.swift in Sources */,
				CE4293AE21D693160071031A /* AddressViewController.swift in Sources */,
				CE42937E21D664E10071031A /* SignUpViewController.swift in Sources */,
				CE19E65921D7881700B9D77F /* NameControlling.swift in Sources */,
				CE4293B021D6932F0071031A /* AddressView.swift in Sources */,
				CE19E66F21D794F500B9D77F /* SignUpControlling.swift in Sources */,
				CE4293BF21D699C80071031A /* Address.swift in Sources */,
				CE4293BA21D699140071031A /* SignUpView.swift in Sources */,
				CE42937C21D664E10071031A /* AppDelegate.swift in Sources */,
				CE4293A721D6909D0071031A /* SexView.swift in Sources */,
				CE19E65D21D78AD800B9D77F /* NameView.swift in Sources */,
				CE4293C321D6A6020071031A /* ValidatingController.swift in Sources */,
				CE4293B621D696850071031A /* SignUpController.swift in Sources */,
				CE19E66A21D7920D00B9D77F /* AddressController.swift in Sources */,
				CE19E66821D791C900B9D77F /* AddressControlling.swift in Sources */,
				CE19E66321D78C6900B9D77F /* BirthDateController.swift in Sources */,
			);
			runOnlyForDeploymentPostprocessing = 0;
		};
/* End PBXSourcesBuildPhase section */

/* Begin PBXVariantGroup section */
		CE42937F21D664E10071031A /* Main.storyboard */ = {
			isa = PBXVariantGroup;
			children = (
				CE42938021D664E10071031A /* Base */,
			);
			name = Main.storyboard;
			sourceTree = "<group>";
		};
		CE42938421D664E20071031A /* LaunchScreen.storyboard */ = {
			isa = PBXVariantGroup;
			children = (
				CE42938521D664E20071031A /* Base */,
			);
			name = LaunchScreen.storyboard;
			sourceTree = "<group>";
		};
/* End PBXVariantGroup section */

/* Begin XCBuildConfiguration section */
		CE42938821D664E20071031A /* Debug */ = {
			isa = XCBuildConfiguration;
			buildSettings = {
				ALWAYS_SEARCH_USER_PATHS = NO;
				CLANG_ANALYZER_NONNULL = YES;
				CLANG_ANALYZER_NUMBER_OBJECT_CONVERSION = YES_AGGRESSIVE;
				CLANG_CXX_LANGUAGE_STANDARD = "gnu++14";
				CLANG_CXX_LIBRARY = "libc++";
				CLANG_ENABLE_MODULES = YES;
				CLANG_ENABLE_OBJC_ARC = YES;
				CLANG_ENABLE_OBJC_WEAK = YES;
				CLANG_WARN_BLOCK_CAPTURE_AUTORELEASING = YES;
				CLANG_WARN_BOOL_CONVERSION = YES;
				CLANG_WARN_COMMA = YES;
				CLANG_WARN_CONSTANT_CONVERSION = YES;
				CLANG_WARN_DEPRECATED_OBJC_IMPLEMENTATIONS = YES;
				CLANG_WARN_DIRECT_OBJC_ISA_USAGE = YES_ERROR;
				CLANG_WARN_DOCUMENTATION_COMMENTS = YES;
				CLANG_WARN_EMPTY_BODY = YES;
				CLANG_WARN_ENUM_CONVERSION = YES;
				CLANG_WARN_INFINITE_RECURSION = YES;
				CLANG_WARN_INT_CONVERSION = YES;
				CLANG_WARN_NON_LITERAL_NULL_CONVERSION = YES;
				CLANG_WARN_OBJC_IMPLICIT_RETAIN_SELF = YES;
				CLANG_WARN_OBJC_LITERAL_CONVERSION = YES;
				CLANG_WARN_OBJC_ROOT_CLASS = YES_ERROR;
				CLANG_WARN_RANGE_LOOP_ANALYSIS = YES;
				CLANG_WARN_STRICT_PROTOTYPES = YES;
				CLANG_WARN_SUSPICIOUS_MOVE = YES;
				CLANG_WARN_UNGUARDED_AVAILABILITY = YES_AGGRESSIVE;
				CLANG_WARN_UNREACHABLE_CODE = YES;
				CLANG_WARN__DUPLICATE_METHOD_MATCH = YES;
				CODE_SIGN_IDENTITY = "iPhone Developer";
				COPY_PHASE_STRIP = NO;
				DEBUG_INFORMATION_FORMAT = dwarf;
				ENABLE_STRICT_OBJC_MSGSEND = YES;
				ENABLE_TESTABILITY = YES;
				GCC_C_LANGUAGE_STANDARD = gnu11;
				GCC_DYNAMIC_NO_PIC = NO;
				GCC_NO_COMMON_BLOCKS = YES;
				GCC_OPTIMIZATION_LEVEL = 0;
				GCC_PREPROCESSOR_DEFINITIONS = (
					"DEBUG=1",
					"$(inherited)",
				);
				GCC_WARN_64_TO_32_BIT_CONVERSION = YES;
				GCC_WARN_ABOUT_RETURN_TYPE = YES_ERROR;
				GCC_WARN_UNDECLARED_SELECTOR = YES;
				GCC_WARN_UNINITIALIZED_AUTOS = YES_AGGRESSIVE;
				GCC_WARN_UNUSED_FUNCTION = YES;
				GCC_WARN_UNUSED_VARIABLE = YES;
				IPHONEOS_DEPLOYMENT_TARGET = 12.1;
				MTL_ENABLE_DEBUG_INFO = INCLUDE_SOURCE;
				MTL_FAST_MATH = YES;
				ONLY_ACTIVE_ARCH = YES;
				SDKROOT = iphoneos;
				SWIFT_ACTIVE_COMPILATION_CONDITIONS = DEBUG;
				SWIFT_OPTIMIZATION_LEVEL = "-Onone";
			};
			name = Debug;
		};
		CE42938921D664E20071031A /* Release */ = {
			isa = XCBuildConfiguration;
			buildSettings = {
				ALWAYS_SEARCH_USER_PATHS = NO;
				CLANG_ANALYZER_NONNULL = YES;
				CLANG_ANALYZER_NUMBER_OBJECT_CONVERSION = YES_AGGRESSIVE;
				CLANG_CXX_LANGUAGE_STANDARD = "gnu++14";
				CLANG_CXX_LIBRARY = "libc++";
				CLANG_ENABLE_MODULES = YES;
				CLANG_ENABLE_OBJC_ARC = YES;
				CLANG_ENABLE_OBJC_WEAK = YES;
				CLANG_WARN_BLOCK_CAPTURE_AUTORELEASING = YES;
				CLANG_WARN_BOOL_CONVERSION = YES;
				CLANG_WARN_COMMA = YES;
				CLANG_WARN_CONSTANT_CONVERSION = YES;
				CLANG_WARN_DEPRECATED_OBJC_IMPLEMENTATIONS = YES;
				CLANG_WARN_DIRECT_OBJC_ISA_USAGE = YES_ERROR;
				CLANG_WARN_DOCUMENTATION_COMMENTS = YES;
				CLANG_WARN_EMPTY_BODY = YES;
				CLANG_WARN_ENUM_CONVERSION = YES;
				CLANG_WARN_INFINITE_RECURSION = YES;
				CLANG_WARN_INT_CONVERSION = YES;
				CLANG_WARN_NON_LITERAL_NULL_CONVERSION = YES;
				CLANG_WARN_OBJC_IMPLICIT_RETAIN_SELF = YES;
				CLANG_WARN_OBJC_LITERAL_CONVERSION = YES;
				CLANG_WARN_OBJC_ROOT_CLASS = YES_ERROR;
				CLANG_WARN_RANGE_LOOP_ANALYSIS = YES;
				CLANG_WARN_STRICT_PROTOTYPES = YES;
				CLANG_WARN_SUSPICIOUS_MOVE = YES;
				CLANG_WARN_UNGUARDED_AVAILABILITY = YES_AGGRESSIVE;
				CLANG_WARN_UNREACHABLE_CODE = YES;
				CLANG_WARN__DUPLICATE_METHOD_MATCH = YES;
				CODE_SIGN_IDENTITY = "iPhone Developer";
				COPY_PHASE_STRIP = NO;
				DEBUG_INFORMATION_FORMAT = "dwarf-with-dsym";
				ENABLE_NS_ASSERTIONS = NO;
				ENABLE_STRICT_OBJC_MSGSEND = YES;
				GCC_C_LANGUAGE_STANDARD = gnu11;
				GCC_NO_COMMON_BLOCKS = YES;
				GCC_WARN_64_TO_32_BIT_CONVERSION = YES;
				GCC_WARN_ABOUT_RETURN_TYPE = YES_ERROR;
				GCC_WARN_UNDECLARED_SELECTOR = YES;
				GCC_WARN_UNINITIALIZED_AUTOS = YES_AGGRESSIVE;
				GCC_WARN_UNUSED_FUNCTION = YES;
				GCC_WARN_UNUSED_VARIABLE = YES;
				IPHONEOS_DEPLOYMENT_TARGET = 12.1;
				MTL_ENABLE_DEBUG_INFO = NO;
				MTL_FAST_MATH = YES;
				SDKROOT = iphoneos;
				SWIFT_COMPILATION_MODE = wholemodule;
				SWIFT_OPTIMIZATION_LEVEL = "-O";
				VALIDATE_PRODUCT = YES;
			};
			name = Release;
		};
		CE42938B21D664E20071031A /* Debug */ = {
			isa = XCBuildConfiguration;
			buildSettings = {
				ASSETCATALOG_COMPILER_APPICON_NAME = AppIcon;
				CODE_SIGN_STYLE = Automatic;
				INFOPLIST_FILE = "iOS-MVC-example/Info.plist";
				LD_RUNPATH_SEARCH_PATHS = (
					"$(inherited)",
					"@executable_path/Frameworks",
				);
				PRODUCT_BUNDLE_IDENTIFIER = "ADP.iOS-MVC-example";
				PRODUCT_NAME = "$(TARGET_NAME)";
				SWIFT_VERSION = 4.2;
				TARGETED_DEVICE_FAMILY = "1,2";
			};
			name = Debug;
		};
		CE42938C21D664E20071031A /* Release */ = {
			isa = XCBuildConfiguration;
			buildSettings = {
				ASSETCATALOG_COMPILER_APPICON_NAME = AppIcon;
				CODE_SIGN_STYLE = Automatic;
				INFOPLIST_FILE = "iOS-MVC-example/Info.plist";
				LD_RUNPATH_SEARCH_PATHS = (
					"$(inherited)",
					"@executable_path/Frameworks",
				);
				PRODUCT_BUNDLE_IDENTIFIER = "ADP.iOS-MVC-example";
				PRODUCT_NAME = "$(TARGET_NAME)";
				SWIFT_VERSION = 4.2;
				TARGETED_DEVICE_FAMILY = "1,2";
			};
			name = Release;
		};
/* End XCBuildConfiguration section */

/* Begin XCConfigurationList section */
		CE42937321D664E10071031A /* Build configuration list for PBXProject "iOS-MVC-example" */ = {
			isa = XCConfigurationList;
			buildConfigurations = (
				CE42938821D664E20071031A /* Debug */,
				CE42938921D664E20071031A /* Release */,
			);
			defaultConfigurationIsVisible = 0;
			defaultConfigurationName = Release;
		};
		CE42938A21D664E20071031A /* Build configuration list for PBXNativeTarget "iOS-MVC-example" */ = {
			isa = XCConfigurationList;
			buildConfigurations = (
				CE42938B21D664E20071031A /* Debug */,
				CE42938C21D664E20071031A /* Release */,
			);
			defaultConfigurationIsVisible = 0;
			defaultConfigurationName = Release;
		};
/* End XCConfigurationList section */
	};
	rootObject = CE42937021D664E10071031A /* Project object */;
}
